
Microsoft Visual Studio Solution File, Format Version 12.00
# Visual Studio 15
VisualStudioVersion = 15.0.33026.149
MinimumVisualStudioVersion = 10.0.40219.1
Project("{FAE04EC0-301F-11D3-BF4B-00C04F79EFBC}") = "PrviZadatak", "PrviZadatak\PrviZadatak.csproj", "{5271A51B-2272-4938-995E-FE0C0AB43FAD}"
EndProject
Global
	GlobalSection(SolutionConfigurationPlatforms) = preSolution
		Debug|Any CPU = Debug|Any CPU
		Release|Any CPU = Release|Any CPU
	EndGlobalSection
	GlobalSection(ProjectConfigurationPlatforms) = postSolution
		{5271A51B-2272-4938-995E-FE0C0AB43FAD}.Debug|Any CPU.ActiveCfg = Debug|Any CPU
		{5271A51B-2272-4938-995E-FE0C0AB43FAD}.Debug|Any CPU.Build.0 = Debug|Any CPU
		{5271A51B-2272-4938-995E-FE0C0AB43FAD}.Release|Any CPU.ActiveCfg = Release|Any CPU
		{5271A51B-2272-4938-995E-FE0C0AB43FAD}.Release|Any CPU.Build.0 = Release|Any CPU
	EndGlobalSection
	GlobalSection(SolutionProperties) = preSolution
		HideSolutionNode = FALSE
	EndGlobalSection
	GlobalSection(ExtensibilityGlobals) = postSolution
		SolutionGuid = {EF7C4700-BEA8-4626-BEFE-448BA5E60AE8}
	EndGlobalSection
EndGlobal
